
Microsoft Visual Studio Solution File, Format Version 12.00
# Visual Studio 15
VisualStudioVersion = 15.0.28010.2003
MinimumVisualStudioVersion = 10.0.40219.1
Project("{FAE04EC0-301F-11D3-BF4B-00C04F79EFBC}") = "Steakhouses", "Steakhouses\Steakhouses.csproj", "{842E95F8-F225-490B-9757-67E14FBCAEEC}"
EndProject
Project("{FAE04EC0-301F-11D3-BF4B-00C04F79EFBC}") = "Devices", "Devices\Devices.csproj", "{3FCD6796-7F1B-46E4-81E3-037D6BF67B26}"
EndProject
Global
	GlobalSection(SolutionConfigurationPlatforms) = preSolution
		Debug|Any CPU = Debug|Any CPU
		Release|Any CPU = Release|Any CPU
	EndGlobalSection
	GlobalSection(ProjectConfigurationPlatforms) = postSolution
		{842E95F8-F225-490B-9757-67E14FBCAEEC}.Debug|Any CPU.ActiveCfg = Debug|Any CPU
		{842E95F8-F225-490B-9757-67E14FBCAEEC}.Debug|Any CPU.Build.0 = Debug|Any CPU
		{842E95F8-F225-490B-9757-67E14FBCAEEC}.Release|Any CPU.ActiveCfg = Release|Any CPU
		{842E95F8-F225-490B-9757-67E14FBCAEEC}.Release|Any CPU.Build.0 = Release|Any CPU
		{3FCD6796-7F1B-46E4-81E3-037D6BF67B26}.Debug|Any CPU.ActiveCfg = Debug|Any CPU
		{3FCD6796-7F1B-46E4-81E3-037D6BF67B26}.Debug|Any CPU.Build.0 = Debug|Any CPU
		{3FCD6796-7F1B-46E4-81E3-037D6BF67B26}.Release|Any CPU.ActiveCfg = Release|Any CPU
		{3FCD6796-7F1B-46E4-81E3-037D6BF67B26}.Release|Any CPU.Build.0 = Release|Any CPU
	EndGlobalSection
	GlobalSection(SolutionProperties) = preSolution
		HideSolutionNode = FALSE
	EndGlobalSection
	GlobalSection(ExtensibilityGlobals) = postSolution
		SolutionGuid = {295401E0-508A-4087-BC8B-224210291732}
	EndGlobalSection
EndGlobal
